
Microsoft Visual Studio Solution File, Format Version 11.00
# Visual Studio 2010
Project("{2150E333-8FDC-42A3-9474-1A3956D46DE8}") = "BusinessAccessLayer", "BusinessAccessLayer", "{39CDB285-DF5B-4D72-B82A-2B71C70A9781}"
EndProject
Project("{2150E333-8FDC-42A3-9474-1A3956D46DE8}") = "BusinessEntitiesProject", "BusinessEntitiesProject", "{DE6DB917-2DBE-4034-8A1E-C9F9AD009D88}"
EndProject
Project("{2150E333-8FDC-42A3-9474-1A3956D46DE8}") = "DataAccessLayer", "DataAccessLayer", "{D887A690-5CDB-44C0-953A-1C1357C19249}"
EndProject
Project("{2150E333-8FDC-42A3-9474-1A3956D46DE8}") = "feedbackFramework_DAO", "feedbackFramework_DAO", "{84A77819-E25C-4904-81D5-0B7498C0C9DB}"
EndProject
Project("{2150E333-8FDC-42A3-9474-1A3956D46DE8}") = "Module DAL", "Module DAL", "{83F58828-7D04-4458-9F9A-15D977FD0619}"
EndProject
Project("{2150E333-8FDC-42A3-9474-1A3956D46DE8}") = "feedbackFramework_BAL", "feedbackFramework_BAL", "{F5612E59-5F95-420F-BA06-13EFB82B142D}"
EndProject
Project("{2150E333-8FDC-42A3-9474-1A3956D46DE8}") = "Module BE", "Module BE", "{4F2CCA28-CDE0-4352-AA1C-5718F696F88A}"
EndProject
Project("{2150E333-8FDC-42A3-9474-1A3956D46DE8}") = "Common Utilities", "Common Utilities", "{7CFE26BD-E58B-414D-85F7-555D417DCCD9}"
EndProject
Project("{2150E333-8FDC-42A3-9474-1A3956D46DE8}") = "Module BAL", "Module BAL", "{84836084-BE2F-424E-8184-214E631F79BD}"
EndProject
Project("{2150E333-8FDC-42A3-9474-1A3956D46DE8}") = "feedbackFramework_BE", "feedbackFramework_BE", "{3D7B3D1A-F925-440B-8CC5-E2A23F2AE60D}"
EndProject
Project("{2150E333-8FDC-42A3-9474-1A3956D46DE8}") = "Miscellaneous", "Miscellaneous", "{F2521F7B-DC74-48A2-AC91-D52097F99168}"
EndProject
Project("{E24C65DC-7377-472B-9ABA-BC803B73C61A}") = "feedback360", "feedback360", "{E7FBB413-C261-4B04-B98D-91BD2D747982}"
	ProjectSection(WebsiteProperties) = preProject
		SccProjectName = ""
		SccAuxPath = ""
		SccLocalPath = ""
		SccProvider = ""
		TargetFrameworkMoniker = ".NETFramework,Version%3Dv3.5"
		ProjectReferences = "{057EA08B-806B-4B1E-B876-A7F31352B93E}|Administration_BAO.dll;{35DF7D5B-9E01-42CB-A511-72FC0BC230AC}|Administration_BE.dll;{BC5DACA5-7111-4124-A666-DF507C9223C4}|DAF_BE.dll;{36B953FD-C18D-4D0C-ADF5-4D10F53D715E}|DAF_BAO.dll;{F2346AF8-C72B-46EA-8FCE-8B2404601B6A}|Administration_DAO.dll;{DE7FDE19-414E-4CD5-9AE3-25BC7B1A2A05}|DAU.dll;{244F9E03-B240-41FB-94CF-D11A9A694866}|DAF_DAO.dll;{4C52BE0D-8EAC-4C94-98A9-5151BF057E42}|Miscellaneous.dll;{D4A21A5A-E200-4F0A-895C-053534F2EBA9}|Questionnaire_BE.dll;{D8F662C8-0492-45CD-9E91-3D7C02CC2696}|Questionnaire_BAO.dll;{111E84CE-9DD3-436D-8810-AC61AD6981C4}|Questionnaire_DAO.dll;{0D48D6F8-F804-4F00-AD94-135CA290938F}|Admin_BAO.dll;{1CB752B7-D673-4181-8CA6-EF61BC7DEC15}|Admin_BE.dll;{23E874DA-481F-463F-B288-884B3A3F36AA}|Admin_DAO.dll;"
		Debug.AspNetCompiler.VirtualPath = "/feedback360"
		Debug.AspNetCompiler.PhysicalPath = "feedback360\"
		Debug.AspNetCompiler.TargetPath = "PrecompiledWeb\feedback360\"
		Debug.AspNetCompiler.Updateable = "true"
		Debug.AspNetCompiler.ForceOverwrite = "true"
		Debug.AspNetCompiler.FixedNames = "false"
		Debug.AspNetCompiler.Debug = "True"
		Release.AspNetCompiler.VirtualPath = "/feedback360"
		Release.AspNetCompiler.PhysicalPath = "feedback360\"
		Release.AspNetCompiler.TargetPath = "PrecompiledWeb\feedback360\"
		Release.AspNetCompiler.Updateable = "true"
		Release.AspNetCompiler.ForceOverwrite = "true"
		Release.AspNetCompiler.FixedNames = "false"
		Release.AspNetCompiler.Debug = "False"
		VWDPort = "4885"
	EndProjectSection
EndProject
Project("{FAE04EC0-301F-11D3-BF4B-00C04F79EFBC}") = "DAF_BE", "BusinessEntities\feedbackFramework_BE\DAF_BE.csproj", "{BC5DACA5-7111-4124-A666-DF507C9223C4}"
EndProject
Project("{FAE04EC0-301F-11D3-BF4B-00C04F79EFBC}") = "DAF_DAO", "DataAccessLayer\feedbackFramework_DAL\DAF_DAO.csproj", "{244F9E03-B240-41FB-94CF-D11A9A694866}"
EndProject
Project("{F184B08F-C81C-45F6-A57F-5ABD9991F28F}") = "DatabaseAccessUtilities", "CommonUtilities\DatabaseAccessUtilities\DatabaseAccessUtilities.vbproj", "{DE7FDE19-414E-4CD5-9AE3-25BC7B1A2A05}"
	ProjectSection(ProjectDependencies) = postProject
		{4C52BE0D-8EAC-4C94-98A9-5151BF057E42} = {4C52BE0D-8EAC-4C94-98A9-5151BF057E42}
		{D4A21A5A-E200-4F0A-895C-053534F2EBA9} = {D4A21A5A-E200-4F0A-895C-053534F2EBA9}
		{35DF7D5B-9E01-42CB-A511-72FC0BC230AC} = {35DF7D5B-9E01-42CB-A511-72FC0BC230AC}
		{BC5DACA5-7111-4124-A666-DF507C9223C4} = {BC5DACA5-7111-4124-A666-DF507C9223C4}
		{1CB752B7-D673-4181-8CA6-EF61BC7DEC15} = {1CB752B7-D673-4181-8CA6-EF61BC7DEC15}
		{36B953FD-C18D-4D0C-ADF5-4D10F53D715E} = {36B953FD-C18D-4D0C-ADF5-4D10F53D715E}
	EndProjectSection
EndProject
Project("{FAE04EC0-301F-11D3-BF4B-00C04F79EFBC}") = "Administration_DAO", "DataAccessLayer\Module DAL\Administration_DAO\Administration_DAO.csproj", "{F2346AF8-C72B-46EA-8FCE-8B2404601B6A}"
EndProject
Project("{FAE04EC0-301F-11D3-BF4B-00C04F79EFBC}") = "Administration_BE", "BusinessEntities\Module BE\Administration_BE\Administration_BE.csproj", "{35DF7D5B-9E01-42CB-A511-72FC0BC230AC}"
EndProject
Project("{FAE04EC0-301F-11D3-BF4B-00C04F79EFBC}") = "DAF_BAO", "BusinessAccessLayer\feedbackFramework_BAL\DAF_BAO\DAF_BAO.csproj", "{36B953FD-C18D-4D0C-ADF5-4D10F53D715E}"
EndProject
Project("{FAE04EC0-301F-11D3-BF4B-00C04F79EFBC}") = "Administration_BAO", "BusinessAccessLayer\Module BAL\Administration_BAO\Administration_BAO.csproj", "{057EA08B-806B-4B1E-B876-A7F31352B93E}"
EndProject
Project("{FAE04EC0-301F-11D3-BF4B-00C04F79EFBC}") = "Miscellaneous", "CommonUtilities\Miscellaneous\Miscellaneous.csproj", "{4C52BE0D-8EAC-4C94-98A9-5151BF057E42}"
EndProject
Project("{FAE04EC0-301F-11D3-BF4B-00C04F79EFBC}") = "Questionnaire_BAO", "BusinessAccessLayer\Module BAL\Questionnaire_BAO\Questionnaire_BAO.csproj", "{D8F662C8-0492-45CD-9E91-3D7C02CC2696}"
EndProject
Project("{FAE04EC0-301F-11D3-BF4B-00C04F79EFBC}") = "Questionnaire_BE", "BusinessEntities\Module BE\Questionnaire_BE\Questionnaire_BE.csproj", "{D4A21A5A-E200-4F0A-895C-053534F2EBA9}"
EndProject
Project("{FAE04EC0-301F-11D3-BF4B-00C04F79EFBC}") = "Questionnaire_DAO", "Questionnaire_DAO\Questionnaire_DAO.csproj", "{111E84CE-9DD3-436D-8810-AC61AD6981C4}"
EndProject
Project("{FAE04EC0-301F-11D3-BF4B-00C04F79EFBC}") = "Admin_BAO", "BusinessAccessLayer\Module BAL\Admin_BAO\Admin_BAO.csproj", "{0D48D6F8-F804-4F00-AD94-135CA290938F}"
EndProject
Project("{FAE04EC0-301F-11D3-BF4B-00C04F79EFBC}") = "Admin_BE", "BusinessEntities\Module BE\Admin_BE\Admin_BE.csproj", "{1CB752B7-D673-4181-8CA6-EF61BC7DEC15}"
EndProject
Project("{FAE04EC0-301F-11D3-BF4B-00C04F79EFBC}") = "Admin_DAO", "DataAccessLayer\Module DAL\Admin_DAO\Admin_DAO.csproj", "{23E874DA-481F-463F-B288-884B3A3F36AA}"
EndProject
Global
	GlobalSection(SolutionConfigurationPlatforms) = preSolution
		Debug|Any CPU = Debug|Any CPU
		Release|Any CPU = Release|Any CPU
	EndGlobalSection
	GlobalSection(ProjectConfigurationPlatforms) = postSolution
		{E7FBB413-C261-4B04-B98D-91BD2D747982}.Debug|Any CPU.ActiveCfg = Debug|Any CPU
		{E7FBB413-C261-4B04-B98D-91BD2D747982}.Debug|Any CPU.Build.0 = Debug|Any CPU
		{E7FBB413-C261-4B04-B98D-91BD2D747982}.Release|Any CPU.ActiveCfg = Debug|Any CPU
		{E7FBB413-C261-4B04-B98D-91BD2D747982}.Release|Any CPU.Build.0 = Debug|Any CPU
		{BC5DACA5-7111-4124-A666-DF507C9223C4}.Debug|Any CPU.ActiveCfg = Debug|Any CPU
		{BC5DACA5-7111-4124-A666-DF507C9223C4}.Debug|Any CPU.Build.0 = Debug|Any CPU
		{BC5DACA5-7111-4124-A666-DF507C9223C4}.Release|Any CPU.ActiveCfg = Release|Any CPU
		{BC5DACA5-7111-4124-A666-DF507C9223C4}.Release|Any CPU.Build.0 = Release|Any CPU
		{244F9E03-B240-41FB-94CF-D11A9A694866}.Debug|Any CPU.ActiveCfg = Debug|Any CPU
		{244F9E03-B240-41FB-94CF-D11A9A694866}.Debug|Any CPU.Build.0 = Debug|Any CPU
		{244F9E03-B240-41FB-94CF-D11A9A694866}.Release|Any CPU.ActiveCfg = Release|Any CPU
		{244F9E03-B240-41FB-94CF-D11A9A694866}.Release|Any CPU.Build.0 = Release|Any CPU
		{DE7FDE19-414E-4CD5-9AE3-25BC7B1A2A05}.Debug|Any CPU.ActiveCfg = Debug|Any CPU
		{DE7FDE19-414E-4CD5-9AE3-25BC7B1A2A05}.Debug|Any CPU.Build.0 = Debug|Any CPU
		{DE7FDE19-414E-4CD5-9AE3-25BC7B1A2A05}.Release|Any CPU.ActiveCfg = Release|Any CPU
		{DE7FDE19-414E-4CD5-9AE3-25BC7B1A2A05}.Release|Any CPU.Build.0 = Release|Any CPU
		{F2346AF8-C72B-46EA-8FCE-8B2404601B6A}.Debug|Any CPU.ActiveCfg = Debug|Any CPU
		{F2346AF8-C72B-46EA-8FCE-8B2404601B6A}.Debug|Any CPU.Build.0 = Debug|Any CPU
		{F2346AF8-C72B-46EA-8FCE-8B2404601B6A}.Release|Any CPU.ActiveCfg = Release|Any CPU
		{F2346AF8-C72B-46EA-8FCE-8B2404601B6A}.Release|Any CPU.Build.0 = Release|Any CPU
		{35DF7D5B-9E01-42CB-A511-72FC0BC230AC}.Debug|Any CPU.ActiveCfg = Debug|Any CPU
		{35DF7D5B-9E01-42CB-A511-72FC0BC230AC}.Debug|Any CPU.Build.0 = Debug|Any CPU
		{35DF7D5B-9E01-42CB-A511-72FC0BC230AC}.Release|Any CPU.ActiveCfg = Release|Any CPU
		{35DF7D5B-9E01-42CB-A511-72FC0BC230AC}.Release|Any CPU.Build.0 = Release|Any CPU
		{36B953FD-C18D-4D0C-ADF5-4D10F53D715E}.Debug|Any CPU.ActiveCfg = Debug|Any CPU
		{36B953FD-C18D-4D0C-ADF5-4D10F53D715E}.Debug|Any CPU.Build.0 = Debug|Any CPU
		{36B953FD-C18D-4D0C-ADF5-4D10F53D715E}.Release|Any CPU.ActiveCfg = Release|Any CPU
		{36B953FD-C18D-4D0C-ADF5-4D10F53D715E}.Release|Any CPU.Build.0 = Release|Any CPU
		{057EA08B-806B-4B1E-B876-A7F31352B93E}.Debug|Any CPU.ActiveCfg = Debug|Any CPU
		{057EA08B-806B-4B1E-B876-A7F31352B93E}.Debug|Any CPU.Build.0 = Debug|Any CPU
		{057EA08B-806B-4B1E-B876-A7F31352B93E}.Release|Any CPU.ActiveCfg = Release|Any CPU
		{057EA08B-806B-4B1E-B876-A7F31352B93E}.Release|Any CPU.Build.0 = Release|Any CPU
		{4C52BE0D-8EAC-4C94-98A9-5151BF057E42}.Debug|Any CPU.ActiveCfg = Debug|Any CPU
		{4C52BE0D-8EAC-4C94-98A9-5151BF057E42}.Debug|Any CPU.Build.0 = Debug|Any CPU
		{4C52BE0D-8EAC-4C94-98A9-5151BF057E42}.Release|Any CPU.ActiveCfg = Release|Any CPU
		{4C52BE0D-8EAC-4C94-98A9-5151BF057E42}.Release|Any CPU.Build.0 = Release|Any CPU
		{D8F662C8-0492-45CD-9E91-3D7C02CC2696}.Debug|Any CPU.ActiveCfg = Debug|Any CPU
		{D8F662C8-0492-45CD-9E91-3D7C02CC2696}.Debug|Any CPU.Build.0 = Debug|Any CPU
		{D8F662C8-0492-45CD-9E91-3D7C02CC2696}.Release|Any CPU.ActiveCfg = Release|Any CPU
		{D8F662C8-0492-45CD-9E91-3D7C02CC2696}.Release|Any CPU.Build.0 = Release|Any CPU
		{D4A21A5A-E200-4F0A-895C-053534F2EBA9}.Debug|Any CPU.ActiveCfg = Debug|Any CPU
		{D4A21A5A-E200-4F0A-895C-053534F2EBA9}.Debug|Any CPU.Build.0 = Debug|Any CPU
		{D4A21A5A-E200-4F0A-895C-053534F2EBA9}.Release|Any CPU.ActiveCfg = Release|Any CPU
		{D4A21A5A-E200-4F0A-895C-053534F2EBA9}.Release|Any CPU.Build.0 = Release|Any CPU
		{111E84CE-9DD3-436D-8810-AC61AD6981C4}.Debug|Any CPU.ActiveCfg = Debug|Any CPU
		{111E84CE-9DD3-436D-8810-AC61AD6981C4}.Debug|Any CPU.Build.0 = Debug|Any CPU
		{111E84CE-9DD3-436D-8810-AC61AD6981C4}.Release|Any CPU.ActiveCfg = Release|Any CPU
		{111E84CE-9DD3-436D-8810-AC61AD6981C4}.Release|Any CPU.Build.0 = Release|Any CPU
		{0D48D6F8-F804-4F00-AD94-135CA290938F}.Debug|Any CPU.ActiveCfg = Debug|Any CPU
		{0D48D6F8-F804-4F00-AD94-135CA290938F}.Debug|Any CPU.Build.0 = Debug|Any CPU
		{0D48D6F8-F804-4F00-AD94-135CA290938F}.Release|Any CPU.ActiveCfg = Release|Any CPU
		{0D48D6F8-F804-4F00-AD94-135CA290938F}.Release|Any CPU.Build.0 = Release|Any CPU
		{1CB752B7-D673-4181-8CA6-EF61BC7DEC15}.Debug|Any CPU.ActiveCfg = Debug|Any CPU
		{1CB752B7-D673-4181-8CA6-EF61BC7DEC15}.Debug|Any CPU.Build.0 = Debug|Any CPU
		{1CB752B7-D673-4181-8CA6-EF61BC7DEC15}.Release|Any CPU.ActiveCfg = Release|Any CPU
		{1CB752B7-D673-4181-8CA6-EF61BC7DEC15}.Release|Any CPU.Build.0 = Release|Any CPU
		{23E874DA-481F-463F-B288-884B3A3F36AA}.Debug|Any CPU.ActiveCfg = Debug|Any CPU
		{23E874DA-481F-463F-B288-884B3A3F36AA}.Debug|Any CPU.Build.0 = Debug|Any CPU
		{23E874DA-481F-463F-B288-884B3A3F36AA}.Release|Any CPU.ActiveCfg = Release|Any CPU
		{23E874DA-481F-463F-B288-884B3A3F36AA}.Release|Any CPU.Build.0 = Release|Any CPU
	EndGlobalSection
	GlobalSection(SolutionProperties) = preSolution
		HideSolutionNode = FALSE
	EndGlobalSection
	GlobalSection(NestedProjects) = preSolution
		{F5612E59-5F95-420F-BA06-13EFB82B142D} = {39CDB285-DF5B-4D72-B82A-2B71C70A9781}
		{84836084-BE2F-424E-8184-214E631F79BD} = {39CDB285-DF5B-4D72-B82A-2B71C70A9781}
		{DE6DB917-2DBE-4034-8A1E-C9F9AD009D88} = {7CFE26BD-E58B-414D-85F7-555D417DCCD9}
		{F2521F7B-DC74-48A2-AC91-D52097F99168} = {7CFE26BD-E58B-414D-85F7-555D417DCCD9}
		{DE7FDE19-414E-4CD5-9AE3-25BC7B1A2A05} = {7CFE26BD-E58B-414D-85F7-555D417DCCD9}
		{84A77819-E25C-4904-81D5-0B7498C0C9DB} = {D887A690-5CDB-44C0-953A-1C1357C19249}
		{83F58828-7D04-4458-9F9A-15D977FD0619} = {D887A690-5CDB-44C0-953A-1C1357C19249}
		{244F9E03-B240-41FB-94CF-D11A9A694866} = {84A77819-E25C-4904-81D5-0B7498C0C9DB}
		{F2346AF8-C72B-46EA-8FCE-8B2404601B6A} = {83F58828-7D04-4458-9F9A-15D977FD0619}
		{111E84CE-9DD3-436D-8810-AC61AD6981C4} = {83F58828-7D04-4458-9F9A-15D977FD0619}
		{23E874DA-481F-463F-B288-884B3A3F36AA} = {83F58828-7D04-4458-9F9A-15D977FD0619}
		{36B953FD-C18D-4D0C-ADF5-4D10F53D715E} = {F5612E59-5F95-420F-BA06-13EFB82B142D}
		{4F2CCA28-CDE0-4352-AA1C-5718F696F88A} = {DE6DB917-2DBE-4034-8A1E-C9F9AD009D88}
		{3D7B3D1A-F925-440B-8CC5-E2A23F2AE60D} = {DE6DB917-2DBE-4034-8A1E-C9F9AD009D88}
		{35DF7D5B-9E01-42CB-A511-72FC0BC230AC} = {4F2CCA28-CDE0-4352-AA1C-5718F696F88A}
		{D4A21A5A-E200-4F0A-895C-053534F2EBA9} = {4F2CCA28-CDE0-4352-AA1C-5718F696F88A}
		{1CB752B7-D673-4181-8CA6-EF61BC7DEC15} = {4F2CCA28-CDE0-4352-AA1C-5718F696F88A}
		{057EA08B-806B-4B1E-B876-A7F31352B93E} = {84836084-BE2F-424E-8184-214E631F79BD}
		{D8F662C8-0492-45CD-9E91-3D7C02CC2696} = {84836084-BE2F-424E-8184-214E631F79BD}
		{0D48D6F8-F804-4F00-AD94-135CA290938F} = {84836084-BE2F-424E-8184-214E631F79BD}
		{BC5DACA5-7111-4124-A666-DF507C9223C4} = {3D7B3D1A-F925-440B-8CC5-E2A23F2AE60D}
		{4C52BE0D-8EAC-4C94-98A9-5151BF057E42} = {F2521F7B-DC74-48A2-AC91-D52097F99168}
	EndGlobalSection
EndGlobal
